
Microsoft Visual Studio Solution File, Format Version 12.00
# Visual Studio Version 16
VisualStudioVersion = 16.0.30002.166
MinimumVisualStudioVersion = 10.0.40219.1
Project("{FAE04EC0-301F-11D3-BF4B-00C04F79EFBC}") = "QuanLyRapPhim", "QuanLyRapPhim.csproj", "{B4F7E941-E658-49F5-9DB9-DED499F9CCA8}"
EndProject
Global
	GlobalSection(SolutionConfigurationPlatforms) = preSolution
		Debug|Any CPU = Debug|Any CPU
		Release|Any CPU = Release|Any CPU
	EndGlobalSection
	GlobalSection(ProjectConfigurationPlatforms) = postSolution
		{B4F7E941-E658-49F5-9DB9-DED499F9CCA8}.Debug|Any CPU.ActiveCfg = Debug|Any CPU
		{B4F7E941-E658-49F5-9DB9-DED499F9CCA8}.Debug|Any CPU.Build.0 = Debug|Any CPU
		{B4F7E941-E658-49F5-9DB9-DED499F9CCA8}.Release|Any CPU.ActiveCfg = Release|Any CPU
		{B4F7E941-E658-49F5-9DB9-DED499F9CCA8}.Release|Any CPU.Build.0 = Release|Any CPU
	EndGlobalSection
	GlobalSection(SolutionProperties) = preSolution
		HideSolutionNode = FALSE
	EndGlobalSection
	GlobalSection(ExtensibilityGlobals) = postSolution
		SolutionGuid = {E69888EE-B818-428A-BC24-64A65F1354A1}
	EndGlobalSection
EndGlobal
